{
  "version": 2,
  "dependencies": {
    "net10.0": {
      "Markdig": {
        "type": "Direct",
        "requested": "[1.2.0, )",
        "resolved": "1.2.0",
        "contentHash": "LoBVOgeDWfHthWTPzQJkjDkxImqBXRA5XpuTyjdM4SAURyWQGG1CbEEbfPbmvAavggnAZPaTYpbhIPUurWvIXA=="
      },
      "Microsoft.AspNetCore.App.Internal.Assets": {
        "type": "Direct",
        "requested": "[10.0.8, )",
        "resolved": "10.0.8",
        "contentHash": "v6KocthydFtUHBIRI29YsOHKOgsqcQubkNywVOxiYr4GSDSv+XO/AeyMJywlX+1tGUTGdydu/X7V+Tzeq4SsoA=="
      },
      "MudBlazor": {
        "type": "Direct",
        "requested": "[9.5.0, )",
        "resolved": "9.5.0",
        "contentHash": "mZiuKdOG42RkA/cZhiwNwbBZAKBExDx387ylvxzokcenRFHi8n4tq8olGuXs/oWNX1Qgo7Tj7J0AhOjjSnTpcw=="
      },
      "Cronos": {
        "type": "Transitive",
        "resolved": "0.11.1",
        "contentHash": "5Ug+giPQITSAdTp/METAsofRSSUi3I5p7t4dlcXnzUgUzwZb4HkOBcYfpHuPwAHrnKJjmyW8amVzLD6mfLpaBg=="
      },
      "CShells.Abstractions": {
        "type": "Transitive",
        "resolved": "0.0.14",
        "contentHash": "V3drl8C3qqwy4TVi2VQr74R0u2OGkNFD+Ihd7TR84+unICQ3N1ujKpg5AuNXSGghs8DnyYgUhwbCf0JXY/7CxA==",
        "dependencies": {
          "JetBrains.Annotations": "2025.2.4"
        }
      },
      "CShells.AspNetCore.Abstractions": {
        "type": "Transitive",
        "resolved": "0.0.14",
        "contentHash": "SuC3U1wn4PmdHhD9pNXoCulVoskD+j1XK/tK/2I05yzjJDuC+uuczPZOMS7RnRR2/k04lbChcIMF+EZWMXXG3A==",
        "dependencies": {
          "CShells.Abstractions": "0.0.14",
          "JetBrains.Annotations": "2025.2.4"
        }
      },
      "CShells.FastEndpoints.Abstractions": {
        "type": "Transitive",
        "resolved": "0.0.14",
        "contentHash": "ySoO9btSkd4jdlMZ91iXFd8dAqbNwEx0ZN0UwGIpKVYIy2ReNRTFNl4HM7jAMf9Sy/n9CSCoRzb+AVbBrmku3w==",
        "dependencies": {
          "CShells.Abstractions": "0.0.14",
          "FastEndpoints": "7.2.0",
          "JetBrains.Annotations": "2025.2.4"
        }
      },
      "DistributedLock.Core": {
        "type": "Transitive",
        "resolved": "1.0.8",
        "contentHash": "LAOsY8WxX8JU/n3lfXFz+f2pfnv0+4bHkCrOO3bwa28u9HrS3DlxSG6jf+u76SqesKs+KehZi0CndkfaUXBKvg=="
      },
      "DistributedLock.FileSystem": {
        "type": "Transitive",
        "resolved": "1.0.3",
        "contentHash": "Q88LTgHXzcQq9ATa6SZSqAE+VFyIapNGFs+XG7nHx+SpzUf1ACnZ8iyz6fAT/ojH+OLNnWwF3kCYh83s+vnCbA==",
        "dependencies": {
          "DistributedLock.Core": "[1.0.8, 1.1.0)"
        }
      },
      "Elsa.Api.Common": {
        "type": "Transitive",
        "resolved": "3.7.0",
        "contentHash": "0PUBN/uP3FeRGbQ5IHVgIqr+IGkOOeSkqtN8sdSp/ARIF3DcI3rYx71OBeNki6YO1vVKKmR9kJV0vg4xJRCNzg==",
        "dependencies": {
          "CShells.AspNetCore.Abstractions": "0.0.14",
          "CShells.FastEndpoints.Abstractions": "0.0.14",
          "Elsa.Features": "3.7.0",
          "Elsa.Workflows.Core": "3.7.0",
          "FastEndpoints": "7.2.0",
          "FastEndpoints.Security": "7.2.0",
          "FastEndpoints.Swagger": "7.2.0"
        }
      },
      "Elsa.Caching": {
        "type": "Transitive",
        "resolved": "3.7.0",
        "contentHash": "FFBtirTUtmcd0MyJf/Hi/kjKVewud9vOBX8lxyJEcT74alP043cySEDJWmnxc38RxmSczPPZdlNjnGk1XXln8w==",
        "dependencies": {
          "Elsa.Features": "3.7.0",
          "Scrutor": "7.0.0"
        }
      },
      "Elsa.Common": {
        "type": "Transitive",
        "resolved": "3.7.0",
        "contentHash": "jkXUBreXDJSIWtT/IfoJdclkbJVmerfGGn3td904WJQzJ8jYM+95e+UlY7xQQdkjI/uahZmfnq+8ZscH1qfLsg==",
        "dependencies": {
          "Cronos": "0.11.1",
          "DistributedLock.Core": "1.0.8",
          "Elsa.Features": "3.7.0",
          "Elsa.Mediator": "3.7.0",
          "IronCompress": "1.7.0",
          "LinqKit.Core": "1.2.9",
          "Snappier": "1.3.1"
        }
      },
      "Elsa.Expressions": {
        "type": "Transitive",
        "resolved": "3.7.0",
        "contentHash": "/uPumM/s9htEZ8AxYZbFDG4jcCfIEIfBcUYX6OAwq9I3JrJS390amjUU572X1O6+VWOj4oLBUNWIsoTmAARwHg==",
        "dependencies": {
          "Elsa.Common": "3.7.0",
          "Elsa.Features": "3.7.0"
        }
      },
      "Elsa.Features": {
        "type": "Transitive",
        "resolved": "3.7.0",
        "contentHash": "32XylwdHlkFLfflvbZOWqTGkf6kG+ylpvG5aHyFvjXgz6A6YCBBV4a1ba6xk3piS+zdf84vpsSXZx/Q6ttBVlQ==",
        "dependencies": {
          "CShells.Abstractions": "0.0.14"
        }
      },
      "Elsa.KeyValues": {
        "type": "Transitive",
        "resolved": "3.7.0",
        "contentHash": "NLaMM27wXNAKrxB47wbHJHcUto96LPZnBBKm5tueFrYBLnz7HT0qjKtwyId4XAIwPaxcLnW1U3R/x6rKj9JYcw==",
        "dependencies": {
          "Elsa.Common": "3.7.0",
          "Elsa.Features": "3.7.0"
        }
      },
      "Elsa.Mediator": {
        "type": "Transitive",
        "resolved": "3.7.0",
        "contentHash": "rRfeR+n/It/QIBtVhepFXt1uAZ1aVPuCsebaO9bvTcfqcEGyOX2qfeqr0qvN5sDPLHoK3TK4f/pxRitAfQ3SXg=="
      },
      "Elsa.Tenants": {
        "type": "Transitive",
        "resolved": "3.7.0",
        "contentHash": "oaXcnISmgDwfyhV92EpB2qFXqL4U3LTmCFPHos4pmEhLMcr0A2VmNtOGYpqjv1ySwgG7IeyuV/8KC5AxU4hK2w==",
        "dependencies": {
          "Elsa.Api.Common": "3.7.0",
          "Elsa.Common": "3.7.0",
          "Elsa.Features": "3.7.0"
        }
      },
      "Elsa.Workflows.Core": {
        "type": "Transitive",
        "resolved": "3.7.0",
        "contentHash": "zjfPgZ9/yBzAqzPtKd0f/UWYC4NrOSEvxLSn6RsYKumnjlRNn56qmVCFKIMY0KM3StImZTv84ioS+Y6i5uPs9A==",
        "dependencies": {
          "Elsa.Common": "3.7.0",
          "Elsa.Expressions": "3.7.0",
          "Humanizer.Core": "3.0.1",
          "Newtonsoft.Json": "13.0.4",
          "ShortGuid": "2.0.1"
        }
      },
      "Elsa.Workflows.Management": {
        "type": "Transitive",
        "resolved": "3.7.0",
        "contentHash": "5KFJflvAv8Owar1i0bJ6TUWxfWifEp+5TysUQmWWhIdoEC5NCOqwkEPh8yZpPz9pCnX43yI6IvsxVi9e0H1hBw==",
        "dependencies": {
          "Elsa.Api.Common": "3.7.0",
          "Elsa.Caching": "3.7.0",
          "Elsa.Workflows.Core": "3.7.0",
          "Humanizer.Core": "3.0.1",
          "IronCompress": "1.7.0",
          "System.Linq.Dynamic.Core": "1.7.1"
        }
      },
      "Elsa.Workflows.Runtime": {
        "type": "Transitive",
        "resolved": "3.7.0",
        "contentHash": "LYvNLZd2BwnOsUxhqWoreSlxSB/lcmp6ioOXiOCpD4Rm9IhQK3juC6stdRKojhPXupG68irXPrEb2j54i+0vdg==",
        "dependencies": {
          "DistributedLock.FileSystem": "1.0.3",
          "Elsa.Caching": "3.7.0",
          "Elsa.KeyValues": "3.7.0",
          "Elsa.Tenants": "3.7.0",
          "Elsa.Workflows.Core": "3.7.0",
          "Elsa.Workflows.Management": "3.7.0",
          "Open.Linq.AsyncExtensions": "1.2.0",
          "ThrottleDebounce": "2.0.1"
        }
      },
      "FastEndpoints": {
        "type": "Transitive",
        "resolved": "7.2.0",
        "contentHash": "igYC/SHrNwv8Ek+o0rjGALIONCIuQP7a6CMLSHGKRzFpjwdbI4JvsLlAfkb720bIF3B/dH1zRcEZejHeyDL2Rg==",
        "dependencies": {
          "FastEndpoints.Attributes": "7.2.0",
          "FastEndpoints.JobQueues": "7.2.0",
          "FastEndpoints.Messaging": "7.2.0",
          "FluentValidation": "12.1.1"
        }
      },
      "FastEndpoints.Attributes": {
        "type": "Transitive",
        "resolved": "7.2.0",
        "contentHash": "gn6/JW0QaSANrcUXDfexW8y3bDT/dYWk0sxvvgJWoRTR1WIyipkLE9AIWdBeVsVbVQP9gZWKgVzRMMm86Zq9HA=="
      },
      "FastEndpoints.Core": {
        "type": "Transitive",
        "resolved": "7.2.0",
        "contentHash": "nvclrOvmtyhR2WggtuuqI5aj4ICaMOOBx/buPlUqJ1S8OV5hgHr5SEEKfA9eRihiFJ3LGMcyxTd2+YWtFaeZAA=="
      },
      "FastEndpoints.JobQueues": {
        "type": "Transitive",
        "resolved": "7.2.0",
        "contentHash": "IC6EA/pBMRoXl5EQZrzZfXk6gyzxE6tBipQ8r+kkRuIXQX6LScvlL34gNs0kjXHO1+BS85/gwatDpvD6T5uNDw==",
        "dependencies": {
          "FastEndpoints.Messaging": "7.2.0"
        }
      },
      "FastEndpoints.Messaging": {
        "type": "Transitive",
        "resolved": "7.2.0",
        "contentHash": "29i3GfBpQ2VJA9XRb+k2IRIWRaxsxeDrVBgL78Gq8t3BMjq/QNBdN2P83uJfV0kJGfV813SviDbPo3gk+OW8MQ==",
        "dependencies": {
          "FastEndpoints.Core": "7.2.0",
          "FastEndpoints.Messaging.Core": "7.2.0"
        }
      },
      "FastEndpoints.Messaging.Core": {
        "type": "Transitive",
        "resolved": "7.2.0",
        "contentHash": "uRbFy6dmVie3wwlOjgrrE6lu5+U1SXmo8kwsr3Xzv/WnHrDw4vXFiqb8FmuS9q9jMGDn2UoYii5H0jC9g1RWDg=="
      },
      "FastEndpoints.Security": {
        "type": "Transitive",
        "resolved": "7.2.0",
        "contentHash": "Ilj4C0QyQbRj4snZ/StFIPvx/F4USqwfn1jL5KaKzUBhMlCDiq2CuNEZJIbHkg0wcnsQoQjhuQfXzyTZMHDC/w==",
        "dependencies": {
          "FastEndpoints": "7.2.0",
          "Microsoft.AspNetCore.Authentication.JwtBearer": "10.0.1"
        }
      },
      "FastEndpoints.Swagger": {
        "type": "Transitive",
        "resolved": "7.2.0",
        "contentHash": "CO29i+Ef84jMztSmJMUopl5g2EWwBz72I69uY+XmDf1SDSJ3XEBHwFSTUxjI2hn+lxLDjcHP4el2j2ywTATB/g==",
        "dependencies": {
          "FastEndpoints": "7.2.0",
          "NSwag.AspNetCore": "14.6.3"
        }
      },
      "FluentValidation": {
        "type": "Transitive",
        "resolved": "12.1.1",
        "contentHash": "EPpkIe1yh1a0OXyC100oOA8WMbZvqUu5plwhvYcb7oSELfyUZzfxV48BLhvs3kKo4NwG7MGLNgy1RJiYtT8Dpw=="
      },
      "Humanizer.Core": {
        "type": "Transitive",
        "resolved": "3.0.1",
        "contentHash": "scB3+KcxNmEjZK5V8rKCW2gIiL8m8KH91w14FuuExyhi9xTyAJ+jr+DDxGdy12mHmioe2uvjxTfMgM7WmSUFlw=="
      },
      "IronCompress": {
        "type": "Transitive",
        "resolved": "1.7.0",
        "contentHash": "soOOMriKl0J/p3V2fKuJ7R6n+SBtvpB+mRxmWU3tNeowmtBs32CyEyxHaBPralorsInVRWPFZDDJ46Eg6A9nqQ==",
        "dependencies": {
          "Snappier": "1.2.0",
          "ZstdSharp.Port": "0.8.6"
        }
      },
      "JetBrains.Annotations": {
        "type": "Transitive",
        "resolved": "2025.2.4",
        "contentHash": "TwbgxAkXxY+vNEhNVx/QXjJ4vqxmepOjsgRvvImQPbHkHMMb4W+ahL3laMsxXKtNT7iMy+E1B3xkqao2hf1n3A=="
      },
      "LibGit2Sharp.NativeBinaries": {
        "type": "Transitive",
        "resolved": "2.0.323",
        "contentHash": "Kg+fJGWhGj5qRXG0Ilj4ddhuodGXZg57yhfX6OVUDR0M2DKg/UR42/d74+qv5l1qotc1qJilo/ho7xQnULP6yA=="
      },
      "LinqKit.Core": {
        "type": "Transitive",
        "resolved": "1.2.9",
        "contentHash": "o8zNpo4/Fk0rW58QjYxH6AvvhmB/i9AagphKDEGVnwkbtzRdy7C1v4bFhpTQTjSUMANmbsqGEXMNqX293oEQVg=="
      },
      "Microsoft.AspNetCore.Authentication.JwtBearer": {
        "type": "Transitive",
        "resolved": "10.0.1",
        "contentHash": "lvyUEBVv7V1/UvGxfOV3a0kyaQatPAU+ZHru7xha6WVOpa+7aJtKehbiu9VpAt/G50FR+hUwL4nTY33ijsCXwA==",
        "dependencies": {
          "Microsoft.IdentityModel.Protocols.OpenIdConnect": "8.0.1"
        }
      },
      "Microsoft.Data.Sqlite.Core": {
        "type": "Transitive",
        "resolved": "10.0.8",
        "contentHash": "26t7WDiEjjAls/sFpWvVEFDxt+7Q5VPt6+blU2Lafuj9L8PzAv/GtGV4cqVPtrhWbfD2BX/z2v8hD1qXYtK6Aw==",
        "dependencies": {
          "SQLitePCLRaw.core": "2.1.11"
        }
      },
      "Microsoft.Extensions.DependencyModel": {
        "type": "Transitive",
        "resolved": "10.0.0",
        "contentHash": "RFYJR7APio/BiqdQunRq6DB+nDB6nc2qhHr77mlvZ0q0BT8PubMXN7XicmfzCbrDE/dzhBnUKBRXLTcqUiZDGg=="
      },
      "Microsoft.IdentityModel.Abstractions": {
        "type": "Transitive",
        "resolved": "8.0.1",
        "contentHash": "OtlIWcyX01olfdevPKZdIPfBEvbcioDyBiE/Z2lHsopsMD7twcKtlN9kMevHmI5IIPhFpfwCIiR6qHQz1WHUIw=="
      },
      "Microsoft.IdentityModel.JsonWebTokens": {
        "type": "Transitive",
        "resolved": "8.0.1",
        "contentHash": "s6++gF9x0rQApQzOBbSyp4jUaAlwm+DroKfL8gdOHxs83k8SJfUXhuc46rDB3rNXBQ1MVRxqKUrqFhO/M0E97g==",
        "dependencies": {
          "Microsoft.IdentityModel.Tokens": "8.0.1"
        }
      },
      "Microsoft.IdentityModel.Logging": {
        "type": "Transitive",
        "resolved": "8.0.1",
        "contentHash": "UCPF2exZqBXe7v/6sGNiM6zCQOUXXQ9+v5VTb9gPB8ZSUPnX53BxlN78v2jsbIvK9Dq4GovQxo23x8JgWvm/Qg==",
        "dependencies": {
          "Microsoft.IdentityModel.Abstractions": "8.0.1"
        }
      },
      "Microsoft.IdentityModel.Protocols": {
        "type": "Transitive",
        "resolved": "8.0.1",
        "contentHash": "uA2vpKqU3I2mBBEaeJAWPTjT9v1TZrGWKdgK6G5qJd03CLx83kdiqO9cmiK8/n1erkHzFBwU/RphP83aAe3i3g==",
        "dependencies": {
          "Microsoft.IdentityModel.Tokens": "8.0.1"
        }
      },
      "Microsoft.IdentityModel.Protocols.OpenIdConnect": {
        "type": "Transitive",
        "resolved": "8.0.1",
        "contentHash": "AQDbfpL+yzuuGhO/mQhKNsp44pm5Jv8/BI4KiFXR7beVGZoSH35zMV3PrmcfvSTsyI6qrcR898NzUauD6SRigg==",
        "dependencies": {
          "Microsoft.IdentityModel.Protocols": "8.0.1",
          "System.IdentityModel.Tokens.Jwt": "8.0.1"
        }
      },
      "Microsoft.IdentityModel.Tokens": {
        "type": "Transitive",
        "resolved": "8.0.1",
        "contentHash": "kDimB6Dkd3nkW2oZPDkMkVHfQt3IDqO5gL0oa8WVy3OP4uE8Ij+8TXnqg9TOd9ufjsY3IDiGz7pCUbnfL18tjg==",
        "dependencies": {
          "Microsoft.IdentityModel.Logging": "8.0.1"
        }
      },
      "Namotion.Reflection": {
        "type": "Transitive",
        "resolved": "3.4.3",
        "contentHash": "KLk2gLR9f8scM82EiL+p9TONXXPy9+IAZVMzJOA/Wsa7soZD7UJGG6j0fq0D9ZoVnBRRnSeEC7kShhRo3Olgaw=="
      },
      "Newtonsoft.Json": {
        "type": "Transitive",
        "resolved": "13.0.4",
        "contentHash": "pdgNNMai3zv51W5aq268sujXUyx7SNdE2bj1wZcWjAQrKMFZV260lbqYop1d2GM67JI1huLRwxo9ZqnfF/lC6A=="
      },
      "NJsonSchema": {
        "type": "Transitive",
        "resolved": "11.5.2",
        "contentHash": "CAmnt4tnylb82Ro6f2EFIGz8rmThuCsITECUNqGhVEQ5VvxV+XwsTPz6LF58MbvUEV1jVcH+uxxljgM/etgK7A==",
        "dependencies": {
          "NJsonSchema.Annotations": "11.5.2",
          "Namotion.Reflection": "3.4.3",
          "Newtonsoft.Json": "13.0.3"
        }
      },
      "NJsonSchema.Annotations": {
        "type": "Transitive",
        "resolved": "11.5.2",
        "contentHash": "OfYQgNzJZb1r/gR5vza0DbBLxnmcITDhA5CXFuX1qxuP3rRdQMjbIz5VyDVHCU1QxyrfAymzajbh7iszEvyFGQ=="
      },
      "NJsonSchema.NewtonsoftJson": {
        "type": "Transitive",
        "resolved": "11.5.2",
        "contentHash": "2KuhjeP/E/hqixoKRjKUXD56V8gBkEB51gdbTU2gN2AeabCG4gW5YsAUl+ZumFgj0cbEJ7GKdl9IBdeZaLxiTA==",
        "dependencies": {
          "NJsonSchema": "11.5.2",
          "Newtonsoft.Json": "13.0.3"
        }
      },
      "NJsonSchema.Yaml": {
        "type": "Transitive",
        "resolved": "11.5.2",
        "contentHash": "1H835IiOxO5tpqpTN4Ibs0qymHbobHoYr+2K3ZdUVpzwlFDgaGflKmKT+7Hj4cBxKBsNs+MxTeCOEeM+PN1VRw==",
        "dependencies": {
          "NJsonSchema": "11.5.2",
          "YamlDotNet": "16.3.0"
        }
      },
      "NSwag.Annotations": {
        "type": "Transitive",
        "resolved": "14.6.3",
        "contentHash": "ZAmmjFF6ieW7D7bS7ViIcFZ6Sq77NxAZbvIOypsB8EVRnZMdcr+Rn/sVaVDwPi3YtZJBydSAMNsYDdluhy0ayA=="
      },
      "NSwag.AspNetCore": {
        "type": "Transitive",
        "resolved": "14.6.3",
        "contentHash": "rKhVvcmhDdI91RBntyzzO/Tjfeo4dh1zkO2UaG3R7wWp40GUK+RzZJpY4NjwuawsG+PPEWCDCKEgJL8BNo3R3A==",
        "dependencies": {
          "NJsonSchema": "11.5.2",
          "NJsonSchema.NewtonsoftJson": "11.5.2",
          "NJsonSchema.Yaml": "11.5.2",
          "NSwag.Annotations": "14.6.3",
          "NSwag.Core.Yaml": "14.6.3",
          "NSwag.Generation.AspNetCore": "14.6.3",
          "Namotion.Reflection": "3.4.3",
          "Newtonsoft.Json": "13.0.3"
        }
      },
      "NSwag.Core": {
        "type": "Transitive",
        "resolved": "14.6.3",
        "contentHash": "TrX5mbmuoOIUaOs/77Rohu0xir4nKjAVHmVsct7wmnsAI6b0HOYEM9eH9km0VbcNKj0baNQ7qYSKH6KXMkkz0Q==",
        "dependencies": {
          "NJsonSchema": "11.5.2",
          "Namotion.Reflection": "3.4.3",
          "Newtonsoft.Json": "13.0.3"
        }
      },
      "NSwag.Core.Yaml": {
        "type": "Transitive",
        "resolved": "14.6.3",
        "contentHash": "/XVgHvtFaJiGElFG1Wuk9N4AwKzmrD8udUKymDQPoqtvg5L0nSeZsnlRgKwPJq/4vquN51AIGWqB8iK4O3YRHg==",
        "dependencies": {
          "NJsonSchema": "11.5.2",
          "NJsonSchema.Yaml": "11.5.2",
          "NSwag.Core": "14.6.3",
          "Namotion.Reflection": "3.4.3",
          "Newtonsoft.Json": "13.0.3"
        }
      },
      "NSwag.Generation": {
        "type": "Transitive",
        "resolved": "14.6.3",
        "contentHash": "PMeOxbdL9XaSgPN2eZfb9gv1fHEtqMujaXCR/EL2A8JNVicCNZH73iy/IKuhNrTstZdzHp0XMYz1vbIvUKiWvQ==",
        "dependencies": {
          "NJsonSchema": "11.5.2",
          "NJsonSchema.NewtonsoftJson": "11.5.2",
          "NSwag.Core": "14.6.3",
          "Namotion.Reflection": "3.4.3",
          "Newtonsoft.Json": "13.0.3"
        }
      },
      "NSwag.Generation.AspNetCore": {
        "type": "Transitive",
        "resolved": "14.6.3",
        "contentHash": "h3A6dekJz95mjLVREa0PHejNTipzZlslqGXttruMJdEBRtxqDOVe3osNllXszAF2kA5JKL8hByNlySIr6aI7MQ==",
        "dependencies": {
          "NJsonSchema": "11.5.2",
          "NJsonSchema.NewtonsoftJson": "11.5.2",
          "NSwag.Generation": "14.6.3",
          "Namotion.Reflection": "3.4.3",
          "Newtonsoft.Json": "13.0.3"
        }
      },
      "Open.Linq.AsyncExtensions": {
        "type": "Transitive",
        "resolved": "1.2.0",
        "contentHash": "bqH1CfR6aEygglNbIwTglBugn9tplvOi2Urn7qiwjW5fO/n3OLSgdIQ09MptMVPa0F/HHG3fcsjNP9Zp2CxUPg=="
      },
      "Scrutor": {
        "type": "Transitive",
        "resolved": "7.0.0",
        "contentHash": "wHWaroody48jnlLoq/REwUltIFLxplXyHTP+sttrc8P7+jkiVqf38afDidJNv4qgD/6zz2NKOYg06xLZ1bG7wQ==",
        "dependencies": {
          "Microsoft.Extensions.DependencyModel": "10.0.0"
        }
      },
      "ShortGuid": {
        "type": "Transitive",
        "resolved": "2.0.1",
        "contentHash": "I/bXxaY4BDC0mUCJvF9ZlUfWsq3nRswv53gyNrxqg5SmOObDkggNl7v21tHHMQaPC3PW6xdMS1IHeGzFi2GuAQ=="
      },
      "Snappier": {
        "type": "Transitive",
        "resolved": "1.3.1",
        "contentHash": "DOdDQiO8YZ5rBtVLY+6CmR1yp9WYoJRgEEktPBrR0tEj9QO2djA/zv0O3DX0OZpEAfosbY8pytQ9tQUogwQsEA=="
      },
      "SQLitePCLRaw.bundle_e_sqlite3": {
        "type": "Transitive",
        "resolved": "2.1.11",
        "contentHash": "DC4nA7yWnf4UZdgJDF+9Mus4/cb0Y3Sfgi3gDnAoKNAIBwzkskNAbNbyu+u4atT0ruVlZNJfwZmwiEwE5oz9LQ==",
        "dependencies": {
          "SQLitePCLRaw.lib.e_sqlite3": "2.1.11",
          "SQLitePCLRaw.provider.e_sqlite3": "2.1.11"
        }
      },
      "SQLitePCLRaw.core": {
        "type": "Transitive",
        "resolved": "2.1.11",
        "contentHash": "PK0GLFkfhZzLQeR3PJf71FmhtHox+U3vcY6ZtswoMjrefkB9k6ErNJEnwXqc5KgXDSjige2XXrezqS39gkpQKA=="
      },
      "SQLitePCLRaw.lib.e_sqlite3": {
        "type": "Transitive",
        "resolved": "2.1.11",
        "contentHash": "Ev2ytaXiOlWZ4b3R67GZBsemTINslLD1DCJr2xiacpn4tbapu0Q4dHEzSvZSMnVWeE5nlObU3VZN2p81q3XOYQ=="
      },
      "SQLitePCLRaw.provider.e_sqlite3": {
        "type": "Transitive",
        "resolved": "2.1.11",
        "contentHash": "Y/0ZkR+r0Cg3DQFuCl1RBnv/tmxpIZRU3HUvelPw6MVaKHwYYR8YNvgs0vuNuXCMvlyJ+Fh88U1D4tah1tt6qw==",
        "dependencies": {
          "SQLitePCLRaw.core": "2.1.11"
        }
      },
      "System.IdentityModel.Tokens.Jwt": {
        "type": "Transitive",
        "resolved": "8.0.1",
        "contentHash": "GJw3bYkWpOgvN3tJo5X4lYUeIFA2HD293FPUhKmp7qxS+g5ywAb34Dnd3cDAFLkcMohy5XTpoaZ4uAHuw0uSPQ==",
        "dependencies": {
          "Microsoft.IdentityModel.JsonWebTokens": "8.0.1",
          "Microsoft.IdentityModel.Tokens": "8.0.1"
        }
      },
      "System.Linq.Dynamic.Core": {
        "type": "Transitive",
        "resolved": "1.7.1",
        "contentHash": "qlgku/j9r0fei52yxR5ho9nC/fWGZuaELqPkZmJm24QZbBW4cL3sVWri1dZ0cKgARD7cgFKBdRqzxYoIG5Q0Cg=="
      },
      "ThrottleDebounce": {
        "type": "Transitive",
        "resolved": "2.0.1",
        "contentHash": "6kdd65+HCrSbO80ELfyQJMs/My8tbpqoxS6VDfhQSdTq8y2kLjxpfxnVEeh3Av1Q+XDOxMv/rBXYsgQR3iQswA=="
      },
      "ZstdSharp.Port": {
        "type": "Transitive",
        "resolved": "0.8.6",
        "contentHash": "iP4jVLQoQmUjMU88g1WObiNr6YKZGvh4aOXn3yOJsHqZsflwRsxZPcIBvNXgjXO3vQKSLctXGLTpcBPLnWPS8A=="
      },
      "deltazulu.blazor.components": {
        "type": "Project",
        "dependencies": {
          "MudBlazor": "[9.5.0, )"
        }
      },
      "workbench.application": {
        "type": "Project",
        "dependencies": {
          "Workbench.Domain": "[1.0.0, )"
        }
      },
      "workbench.domain": {
        "type": "Project"
      },
      "workbench.infrastructure": {
        "type": "Project",
        "dependencies": {
          "LibGit2Sharp": "[0.31.0, )",
          "Workbench.Application": "[1.0.0, )",
          "Workbench.Domain": "[1.0.0, )"
        }
      },
      "workbench.persistence": {
        "type": "Project",
        "dependencies": {
          "Dapper": "[2.1.79, )",
          "Microsoft.Data.Sqlite": "[10.0.8, )",
          "Workbench.Application": "[1.0.0, )",
          "Workbench.Domain": "[1.0.0, )"
        }
      },
      "workbench.validation": {
        "type": "Project",
        "dependencies": {
          "Workbench.Application": "[1.0.0, )",
          "Workbench.Domain": "[1.0.0, )",
          "YamlDotNet": "[18.0.0, )"
        }
      },
      "workbench.workflow": {
        "type": "Project",
        "dependencies": {
          "Elsa": "[3.7.0, )",
          "Workbench.Application": "[1.0.0, )",
          "Workbench.Domain": "[1.0.0, )"
        }
      },
      "Dapper": {
        "type": "CentralTransitive",
        "requested": "[2.1.79, )",
        "resolved": "2.1.79",
        "contentHash": "8YijbzgTfmqmQOnVNorYM6K++pxqnW3nJ4aC1sRHzxUA2CcuoJ9gsTem3kgBnPRMc38zZHl4Esb6hAezXIEEuw=="
      },
      "Elsa": {
        "type": "CentralTransitive",
        "requested": "[3.7.0, )",
        "resolved": "3.7.0",
        "contentHash": "mpnL6VvTdvqSXfI7/rOdjybYgIR/UjQuVZpaShl5jtalVgbFBnLtlgRNmfPwpkKUPw8ODQ/raD7eLX2C7tkQ8g==",
        "dependencies": {
          "Elsa.Api.Common": "3.7.0",
          "Elsa.Workflows.Core": "3.7.0",
          "Elsa.Workflows.Management": "3.7.0",
          "Elsa.Workflows.Runtime": "3.7.0"
        }
      },
      "LibGit2Sharp": {
        "type": "CentralTransitive",
        "requested": "[0.31.0, )",
        "resolved": "0.31.0",
        "contentHash": "b3+UfV7LjKMjAHWwl7VawejiOv2gJIC6dTCA/S0puLTHACAA/Oeb5JJmWUQMeyH/T/WR/LaIK8bk2RbdFnrZvg==",
        "dependencies": {
          "LibGit2Sharp.NativeBinaries": "[2.0.323]"
        }
      },
      "Microsoft.Data.Sqlite": {
        "type": "CentralTransitive",
        "requested": "[10.0.8, )",
        "resolved": "10.0.8",
        "contentHash": "iyDWyD6r/SnqgoYYQIlLhxL1ZIGZr+SByMXrJKSA1w7sOt7bPMJmN3h2laqwKqyQkjh/lUPJ7LTXwpvqzhggOQ==",
        "dependencies": {
          "Microsoft.Data.Sqlite.Core": "10.0.8",
          "SQLitePCLRaw.bundle_e_sqlite3": "2.1.11",
          "SQLitePCLRaw.core": "2.1.11"
        }
      },
      "YamlDotNet": {
        "type": "CentralTransitive",
        "requested": "[18.0.0, )",
        "resolved": "18.0.0",
        "contentHash": "ptHVgcYmLejGuWXV7RMFoEqFKYMXnieOlWLPzEslfDtzZ9ngMhjYwykfqjBN2+fMEAEyobozkj07lKEpR4dssA=="
      }
    }
  }
}